
Microsoft Visual Studio Solution File, Format Version 12.00
# Visual Studio Version 16
VisualStudioVersion = 16.0.33423.256
MinimumVisualStudioVersion = 10.0.40219.1
Project("{FAE04EC0-301F-11D3-BF4B-00C04F79EFBC}") = "TPWinForm", "TPWinForm.csproj", "{507595B0-9AEF-4049-81A3-1B65A72EFE5A}"
EndProject
Project("{FAE04EC0-301F-11D3-BF4B-00C04F79EFBC}") = "domain", "..\dominio\domain.csproj", "{74E0B4E2-1F06-4B00-97BA-C831A5832DAD}"
EndProject
Global
	GlobalSection(SolutionConfigurationPlatforms) = preSolution
		Debug|Any CPU = Debug|Any CPU
		Release|Any CPU = Release|Any CPU
	EndGlobalSection
	GlobalSection(ProjectConfigurationPlatforms) = postSolution
		{507595B0-9AEF-4049-81A3-1B65A72EFE5A}.Debug|Any CPU.ActiveCfg = Debug|Any CPU
		{507595B0-9AEF-4049-81A3-1B65A72EFE5A}.Debug|Any CPU.Build.0 = Debug|Any CPU
		{507595B0-9AEF-4049-81A3-1B65A72EFE5A}.Release|Any CPU.ActiveCfg = Release|Any CPU
		{507595B0-9AEF-4049-81A3-1B65A72EFE5A}.Release|Any CPU.Build.0 = Release|Any CPU
		{74E0B4E2-1F06-4B00-97BA-C831A5832DAD}.Debug|Any CPU.ActiveCfg = Debug|Any CPU
		{74E0B4E2-1F06-4B00-97BA-C831A5832DAD}.Debug|Any CPU.Build.0 = Debug|Any CPU
		{74E0B4E2-1F06-4B00-97BA-C831A5832DAD}.Release|Any CPU.ActiveCfg = Release|Any CPU
		{74E0B4E2-1F06-4B00-97BA-C831A5832DAD}.Release|Any CPU.Build.0 = Release|Any CPU
	EndGlobalSection
	GlobalSection(SolutionProperties) = preSolution
		HideSolutionNode = FALSE
	EndGlobalSection
	GlobalSection(ExtensibilityGlobals) = postSolution
		SolutionGuid = {78AA1BE3-5459-4405-BBD9-C027D9F1EB21}
	EndGlobalSection
EndGlobal
